
Microsoft Visual Studio Solution File, Format Version 12.00
# Visual Studio 15
VisualStudioVersion = 15.0.28307.1321
MinimumVisualStudioVersion = 10.0.40219.1
Project("{FAE04EC0-301F-11D3-BF4B-00C04F79EFBC}") = "1 lab", "1 lab\1 lab.csproj", "{CA716FAD-0B74-4251-AB12-F7E81116ADC8}"
EndProject
Global
	GlobalSection(SolutionConfigurationPlatforms) = preSolution
		Debug|Any CPU = Debug|Any CPU
		Release|Any CPU = Release|Any CPU
	EndGlobalSection
	GlobalSection(ProjectConfigurationPlatforms) = postSolution
		{CA716FAD-0B74-4251-AB12-F7E81116ADC8}.Debug|Any CPU.ActiveCfg = Debug|Any CPU
		{CA716FAD-0B74-4251-AB12-F7E81116ADC8}.Debug|Any CPU.Build.0 = Debug|Any CPU
		{CA716FAD-0B74-4251-AB12-F7E81116ADC8}.Release|Any CPU.ActiveCfg = Release|Any CPU
		{CA716FAD-0B74-4251-AB12-F7E81116ADC8}.Release|Any CPU.Build.0 = Release|Any CPU
	EndGlobalSection
	GlobalSection(SolutionProperties) = preSolution
		HideSolutionNode = FALSE
	EndGlobalSection
	GlobalSection(ExtensibilityGlobals) = postSolution
		SolutionGuid = {590A47E5-A010-43E1-87CB-CCC70DC0464D}
	EndGlobalSection
EndGlobal
